// !$*UTF8*$!
{
	archiveVersion = 1;
	classes = {
	};
	objectVersion = 46;
	objects = {

/* Begin PBXBuildFile section */
		DF6EC68F1B013B5800F16498 /* main.m in Sources */ = {isa = PBXBuildFile; fileRef = DF6EC68E1B013B5800F16498 /* main.m */; };
		DF6EC6921B013B5800F16498 /* AppDelegate.m in Sources */ = {isa = PBXBuildFile; fileRef = DF6EC6911B013B5800F16498 /* AppDelegate.m */; };
		DF6EC6951B013B5800F16498 /* ViewController.m in Sources */ = {isa = PBXBuildFile; fileRef = DF6EC6941B013B5800F16498 /* ViewController.m */; };
		DF6EC6981B013B5800F16498 /* Main.storyboard in Resources */ = {isa = PBXBuildFile; fileRef = DF6EC6961B013B5800F16498 /* Main.storyboard */; };
		DF6EC69A1B013B5800F16498 /* Images.xcassets in Resources */ = {isa = PBXBuildFile; fileRef = DF6EC6991B013B5800F16498 /* Images.xcassets */; };
		DF6EC69D1B013B5800F16498 /* LaunchScreen.xib in Resources */ = {isa = PBXBuildFile; fileRef = DF6EC69B1B013B5800F16498 /* LaunchScreen.xib */; };
		DF6EC6A91B013B5800F16498 /* Aula23StoryboardTests.m in Sources */ = {isa = PBXBuildFile; fileRef = DF6EC6A81B013B5800F16498 /* Aula23StoryboardTests.m */; };
		DF6EC6EC1B027A5E00F16498 /* DetailsViewController.m in Sources */ = {isa = PBXBuildFile; fileRef = DF6EC6EB1B027A5E00F16498 /* DetailsViewController.m */; };
/* End PBXBuildFile section */

/* Begin PBXContainerItemProxy section */
		DF6EC6A31B013B5800F16498 /* PBXContainerItemProxy */ = {
			isa = PBXContainerItemProxy;
			containerPortal = DF6EC6811B013B5800F16498 /* Project object */;
			proxyType = 1;
			remoteGlobalIDString = DF6EC6881B013B5800F16498;
			remoteInfo = Aula23Storyboard;
		};
/* End PBXContainerItemProxy section */

/* Begin PBXFileReference section */
		DF6EC6891B013B5800F16498 /* Aula23Storyboard.app */ = {isa = PBXFileReference; explicitFileType = wrapper.application; includeInIndex = 0; path = Aula23Storyboard.app; sourceTree = BUILT_PRODUCTS_DIR; };
		DF6EC68D1B013B5800F16498 /* Info.plist */ = {isa = PBXFileReference; lastKnownFileType = text.plist.xml; path = Info.plist; sourceTree = "<group>"; };
		DF6EC68E1B013B5800F16498 /* main.m */ = {isa = PBXFileReference; lastKnownFileType = sourcecode.c.objc; path = main.m; sourceTree = "<group>"; };
		DF6EC6901B013B5800F16498 /* AppDelegate.h */ = {isa = PBXFileReference; lastKnownFileType = sourcecode.c.h; path = AppDelegate.h; sourceTree = "<group>"; };
		DF6EC6911B013B5800F16498 /* AppDelegate.m */ = {isa = PBXFileReference; lastKnownFileType = sourcecode.c.objc; path = AppDelegate.m; sourceTree = "<group>"; };
		DF6EC6931B013B5800F16498 /* ViewController.h */ = {isa = PBXFileReference; lastKnownFileType = sourcecode.c.h; path = ViewController.h; sourceTree = "<group>"; };
		DF6EC6941B013B5800F16498 /* ViewController.m */ = {isa = PBXFileReference; lastKnownFileType = sourcecode.c.objc; path = ViewController.m; sourceTree = "<group>"; };
		DF6EC6971B013B5800F16498 /* Base */ = {isa = PBXFileReference; lastKnownFileType = file.storyboard; name = Base; path = Base.lproj/Main.storyboard; sourceTree = "<group>"; };
		DF6EC6991B013B5800F16498 /* Images.xcassets */ = {isa = PBXFileReference; lastKnownFileType = folder.assetcatalog; path = Images.xcassets; sourceTree = "<group>"; };
		DF6EC69C1B013B5800F16498 /* Base */ = {isa = PBXFileReference; lastKnownFileType = file.xib; name = Base; path = Base.lproj/LaunchScreen.xib; sourceTree = "<group>"; };
		DF6EC6A21B013B5800F16498 /* Aula23StoryboardTests.xctest */ = {isa = PBXFileReference; explicitFileType = wrapper.cfbundle; includeInIndex = 0; path = Aula23StoryboardTests.xctest; sourceTree = BUILT_PRODUCTS_DIR; };
		DF6EC6A71B013B5800F16498 /* Info.plist */ = {isa = PBXFileReference; lastKnownFileType = text.plist.xml; path = Info.plist; sourceTree = "<group>"; };
		DF6EC6A81B013B5800F16498 /* Aula23StoryboardTests.m */ = {isa = PBXFileReference; lastKnownFileType = sourcecode.c.objc; path = Aula23StoryboardTests.m; sourceTree = "<group>"; };
		DF6EC6EA1B027A5E00F16498 /* DetailsViewController.h */ = {isa = PBXFileReference; fileEncoding = 4; lastKnownFileType = sourcecode.c.h; path = DetailsViewController.h; sourceTree = "<group>"; };
		DF6EC6EB1B027A5E00F16498 /* DetailsViewController.m */ = {isa = PBXFileReference; fileEncoding = 4; lastKnownFileType = sourcecode.c.objc; path = DetailsViewController.m; sourceTree = "<group>"; };
/* End PBXFileReference section */

/* Begin PBXFrameworksBuildPhase section */
		DF6EC6861B013B5800F16498 /* Frameworks */ = {
			isa = PBXFrameworksBuildPhase;
			buildActionMask = 2147483647;
			files = (
			);
			runOnlyForDeploymentPostprocessing = 0;
		};
		DF6EC69F1B013B5800F16498 /* Frameworks */ = {
			isa = PBXFrameworksBuildPhase;
			buildActionMask = 2147483647;
			files = (
			);
			runOnlyForDeploymentPostprocessing = 0;
		};
/* End PBXFrameworksBuildPhase section */

/* Begin PBXGroup section */
		DF6EC6801B013B5800F16498 = {
			isa = PBXGroup;
			children = (
				DF6EC68B1B013B5800F16498 /* Aula23Storyboard */,
				DF6EC6A51B013B5800F16498 /* Aula23StoryboardTests */,
				DF6EC68A1B013B5800F16498 /* Products */,
			);
			sourceTree = "<group>";
		};
		DF6EC68A1B013B5800F16498 /* Products */ = {
			isa = PBXGroup;
			children = (
				DF6EC6891B013B5800F16498 /* Aula23Storyboard.app */,
				DF6EC6A21B013B5800F16498 /* Aula23StoryboardTests.xctest */,
			);
			name = Products;
			sourceTree = "<group>";
		};
		DF6EC68B1B013B5800F16498 /* Aula23Storyboard */ = {
			isa = PBXGroup;
			children = (
				DF6EC6901B013B5800F16498 /* AppDelegate.h */,
				DF6EC6911B013B5800F16498 /* AppDelegate.m */,
				DF6EC6931B013B5800F16498 /* ViewController.h */,
				DF6EC6941B013B5800F16498 /* ViewController.m */,
				DF6EC6EA1B027A5E00F16498 /* DetailsViewController.h */,
				DF6EC6EB1B027A5E00F16498 /* DetailsViewController.m */,
				DF6EC6961B013B5800F16498 /* Main.storyboard */,
				DF6EC6991B013B5800F16498 /* Images.xcassets */,
				DF6EC69B1B013B5800F16498 /* LaunchScreen.xib */,
				DF6EC68C1B013B5800F16498 /* Supporting Files */,
			);
			path = Aula23Storyboard;
			sourceTree = "<group>";
		};
		DF6EC68C1B013B5800F16498 /* Supporting Files */ = {
			isa = PBXGroup;
			children = (
				DF6EC68D1B013B5800F16498 /* Info.plist */,
				DF6EC68E1B013B5800F16498 /* main.m */,
			);
			name = "Supporting Files";
			sourceTree = "<group>";
		};
		DF6EC6A51B013B5800F16498 /* Aula23StoryboardTests */ = {
			isa = PBXGroup;
			children = (
				DF6EC6A81B013B5800F16498 /* Aula23StoryboardTests.m */,
				DF6EC6A61B013B5800F16498 /* Supporting Files */,
			);
			path = Aula23StoryboardTests;
			sourceTree = "<group>";
		};
		DF6EC6A61B013B5800F16498 /* Supporting Files */ = {
			isa = PBXGroup;
			children = (
				DF6EC6A71B013B5800F16498 /* Info.plist */,
			);
			name = "Supporting Files";
			sourceTree = "<group>";
		};
/* End PBXGroup section */

/* Begin PBXNativeTarget section */
		DF6EC6881B013B5800F16498 /* Aula23Storyboard */ = {
			isa = PBXNativeTarget;
			buildConfigurationList = DF6EC6AC1B013B5800F16498 /* Build configuration list for PBXNativeTarget "Aula23Storyboard" */;
			buildPhases = (
				DF6EC6851B013B5800F16498 /* Sources */,
				DF6EC6861B013B5800F16498 /* Frameworks */,
				DF6EC6871B013B5800F16498 /* Resources */,
			);
			buildRules = (
			);
			dependencies = (
			);
			name = Aula23Storyboard;
			productName = Aula23Storyboard;
			productReference = DF6EC6891B013B5800F16498 /* Aula23Storyboard.app */;
			productType = "com.apple.product-type.application";
		};
		DF6EC6A11B013B5800F16498 /* Aula23StoryboardTests */ = {
			isa = PBXNativeTarget;
			buildConfigurationList = DF6EC6AF1B013B5800F16498 /* Build configuration list for PBXNativeTarget "Aula23StoryboardTests" */;
			buildPhases = (
				DF6EC69E1B013B5800F16498 /* Sources */,
				DF6EC69F1B013B5800F16498 /* Frameworks */,
				DF6EC6A01B013B5800F16498 /* Resources */,
			);
			buildRules = (
			);
			dependencies = (
				DF6EC6A41B013B5800F16498 /* PBXTargetDependency */,
			);
			name = Aula23StoryboardTests;
			productName = Aula23StoryboardTests;
			productReference = DF6EC6A21B013B5800F16498 /* Aula23StoryboardTests.xctest */;
			productType = "com.apple.product-type.bundle.unit-test";
		};
/* End PBXNativeTarget section */

/* Begin PBXProject section */
		DF6EC6811B013B5800F16498 /* Project object */ = {
			isa = PBXProject;
			attributes = {
				LastUpgradeCheck = 0630;
				ORGANIZATIONNAME = "Danilo Barros Mendes";
				TargetAttributes = {
					DF6EC6881B013B5800F16498 = {
						CreatedOnToolsVersion = 6.3.1;
					};
					DF6EC6A11B013B5800F16498 = {
						CreatedOnToolsVersion = 6.3.1;
						TestTargetID = DF6EC6881B013B5800F16498;
					};
				};
			};
			buildConfigurationList = DF6EC6841B013B5800F16498 /* Build configuration list for PBXProject "Aula23Storyboard" */;
			compatibilityVersion = "Xcode 3.2";
			developmentRegion = English;
			hasScannedForEncodings = 0;
			knownRegions = (
				en,
				Base,
			);
			mainGroup = DF6EC6801B013B5800F16498;
			productRefGroup = DF6EC68A1B013B5800F16498 /* Products */;
			projectDirPath = "";
			projectRoot = "";
			targets = (
				DF6EC6881B013B5800F16498 /* Aula23Storyboard */,
				DF6EC6A11B013B5800F16498 /* Aula23StoryboardTests */,
			);
		};
/* End PBXProject section */

/* Begin PBXResourcesBuildPhase section */
		DF6EC6871B013B5800F16498 /* Resources */ = {
			isa = PBXResourcesBuildPhase;
			buildActionMask = 2147483647;
			files = (
				DF6EC6981B013B5800F16498 /* Main.storyboard in Resources */,
				DF6EC69D1B013B5800F16498 /* LaunchScreen.xib in Resources */,
				DF6EC69A1B013B5800F16498 /* Images.xcassets in Resources */,
			);
			runOnlyForDeploymentPostprocessing = 0;
		};
		DF6EC6A01B013B5800F16498 /* Resources */ = {
			isa = PBXResourcesBuildPhase;
			buildActionMask = 2147483647;
			files = (
			);
			runOnlyForDeploymentPostprocessing = 0;
		};
/* End PBXResourcesBuildPhase section */

/* Begin PBXSourcesBuildPhase section */
		DF6EC6851B013B5800F16498 /* Sources */ = {
			isa = PBXSourcesBuildPhase;
			buildActionMask = 2147483647;
			files = (
				DF6EC6951B013B5800F16498 /* ViewController.m in Sources */,
				DF6EC6921B013B5800F16498 /* AppDelegate.m in Sources */,
				DF6EC68F1B013B5800F16498 /* main.m in Sources */,
				DF6EC6EC1B027A5E00F16498 /* DetailsViewController.m in Sources */,
			);
			runOnlyForDeploymentPostprocessing = 0;
		};
		DF6EC69E1B013B5800F16498 /* Sources */ = {
			isa = PBXSourcesBuildPhase;
			buildActionMask = 2147483647;
			files = (
				DF6EC6A91B013B5800F16498 /* Aula23StoryboardTests.m in Sources */,
			);
			runOnlyForDeploymentPostprocessing = 0;
		};
/* End PBXSourcesBuildPhase section */

/* Begin PBXTargetDependency section */
		DF6EC6A41B013B5800F16498 /* PBXTargetDependency */ = {
			isa = PBXTargetDependency;
			target = DF6EC6881B013B5800F16498 /* Aula23Storyboard */;
			targetProxy = DF6EC6A31B013B5800F16498 /* PBXContainerItemProxy */;
		};
/* End PBXTargetDependency section */

/* Begin PBXVariantGroup section */
		DF6EC6961B013B5800F16498 /* Main.storyboard */ = {
			isa = PBXVariantGroup;
			children = (
				DF6EC6971B013B5800F16498 /* Base */,
			);
			name = Main.storyboard;
			sourceTree = "<group>";
		};
		DF6EC69B1B013B5800F16498 /* LaunchScreen.xib */ = {
			isa = PBXVariantGroup;
			children = (
				DF6EC69C1B013B5800F16498 /* Base */,
			);
			name = LaunchScreen.xib;
			sourceTree = "<group>";
		};
/* End PBXVariantGroup section */

/* Begin XCBuildConfiguration section */
		DF6EC6AA1B013B5800F16498 /* Debug */ = {
			isa = XCBuildConfiguration;
			buildSettings = {
				ALWAYS_SEARCH_USER_PATHS = NO;
				CLANG_CXX_LANGUAGE_STANDARD = "gnu++0x";
				CLANG_CXX_LIBRARY = "libc++";
				CLANG_ENABLE_MODULES = YES;
				CLANG_ENABLE_OBJC_ARC = YES;
				CLANG_WARN_BOOL_CONVERSION = YES;
				CLANG_WARN_CONSTANT_CONVERSION = YES;
				CLANG_WARN_DIRECT_OBJC_ISA_USAGE = YES_ERROR;
				CLANG_WARN_EMPTY_BODY = YES;
				CLANG_WARN_ENUM_CONVERSION = YES;
				CLANG_WARN_INT_CONVERSION = YES;
				CLANG_WARN_OBJC_ROOT_CLASS = YES_ERROR;
				CLANG_WARN_UNREACHABLE_CODE = YES;
				CLANG_WARN__DUPLICATE_METHOD_MATCH = YES;
				"CODE_SIGN_IDENTITY[sdk=iphoneos*]" = "iPhone Developer";
				COPY_PHASE_STRIP = NO;
				DEBUG_INFORMATION_FORMAT = "dwarf-with-dsym";
				ENABLE_STRICT_OBJC_MSGSEND = YES;
				GCC_C_LANGUAGE_STANDARD = gnu99;
				GCC_DYNAMIC_NO_PIC = NO;
				GCC_NO_COMMON_BLOCKS = YES;
				GCC_OPTIMIZATION_LEVEL = 0;
				GCC_PREPROCESSOR_DEFINITIONS = (
					"DEBUG=1",
					"$(inherited)",
				);
				GCC_SYMBOLS_PRIVATE_EXTERN = NO;
				GCC_WARN_64_TO_32_BIT_CONVERSION = YES;
				GCC_WARN_ABOUT_RETURN_TYPE = YES_ERROR;
				GCC_WARN_UNDECLARED_SELECTOR = YES;
				GCC_WARN_UNINITIALIZED_AUTOS = YES_AGGRESSIVE;
				GCC_WARN_UNUSED_FUNCTION = YES;
				GCC_WARN_UNUSED_VARIABLE = YES;
				IPHONEOS_DEPLOYMENT_TARGET = 8.3;
				MTL_ENABLE_DEBUG_INFO = YES;
				ONLY_ACTIVE_ARCH = YES;
				SDKROOT = iphoneos;
			};
			name = Debug;
		};
		DF6EC6AB1B013B5800F16498 /* Release */ = {
			isa = XCBuildConfiguration;
			buildSettings = {
				ALWAYS_SEARCH_USER_PATHS = NO;
				CLANG_CXX_LANGUAGE_STANDARD = "gnu++0x";
				CLANG_CXX_LIBRARY = "libc++";
				CLANG_ENABLE_MODULES = YES;
				CLANG_ENABLE_OBJC_ARC = YES;
				CLANG_WARN_BOOL_CONVERSION = YES;
				CLANG_WARN_CONSTANT_CONVERSION = YES;
				CLANG_WARN_DIRECT_OBJC_ISA_USAGE = YES_ERROR;
				CLANG_WARN_EMPTY_BODY = YES;
				CLANG_WARN_ENUM_CONVERSION = YES;
				CLANG_WARN_INT_CONVERSION = YES;
				CLANG_WARN_OBJC_ROOT_CLASS = YES_ERROR;
				CLANG_WARN_UNREACHABLE_CODE = YES;
				CLANG_WARN__DUPLICATE_METHOD_MATCH = YES;
				"CODE_SIGN_IDENTITY[sdk=iphoneos*]" = "iPhone Developer";
				COPY_PHASE_STRIP = NO;
				DEBUG_INFORMATION_FORMAT = "dwarf-with-dsym";
				ENABLE_NS_ASSERTIONS = NO;
				ENABLE_STRICT_OBJC_MSGSEND = YES;
				GCC_C_LANGUAGE_STANDARD = gnu99;
				GCC_NO_COMMON_BLOCKS = YES;
				GCC_WARN_64_TO_32_BIT_CONVERSION = YES;
				GCC_WARN_ABOUT_RETURN_TYPE = YES_ERROR;
				GCC_WARN_UNDECLARED_SELECTOR = YES;
				GCC_WARN_UNINITIALIZED_AUTOS = YES_AGGRESSIVE;
				GCC_WARN_UNUSED_FUNCTION = YES;
				GCC_WARN_UNUSED_VARIABLE = YES;
				IPHONEOS_DEPLOYMENT_TARGET = 8.3;
				MTL_ENABLE_DEBUG_INFO = NO;
				SDKROOT = iphoneos;
				VALIDATE_PRODUCT = YES;
			};
			name = Release;
		};
		DF6EC6AD1B013B5800F16498 /* Debug */ = {
			isa = XCBuildConfiguration;
			buildSettings = {
				ASSETCATALOG_COMPILER_APPICON_NAME = AppIcon;
				INFOPLIST_FILE = Aula23Storyboard/Info.plist;
				LD_RUNPATH_SEARCH_PATHS = "$(inherited) @executable_path/Frameworks";
				PRODUCT_NAME = "$(TARGET_NAME)";
			};
			name = Debug;
		};
		DF6EC6AE1B013B5800F16498 /* Release */ = {
			isa = XCBuildConfiguration;
			buildSettings = {
				ASSETCATALOG_COMPILER_APPICON_NAME = AppIcon;
				INFOPLIST_FILE = Aula23Storyboard/Info.plist;
				LD_RUNPATH_SEARCH_PATHS = "$(inherited) @executable_path/Frameworks";
				PRODUCT_NAME = "$(TARGET_NAME)";
			};
			name = Release;
		};
		DF6EC6B01B013B5800F16498 /* Debug */ = {
			isa = XCBuildConfiguration;
			buildSettings = {
				BUNDLE_LOADER = "$(TEST_HOST)";
				FRAMEWORK_SEARCH_PATHS = (
					"$(SDKROOT)/Developer/Library/Frameworks",
					"$(inherited)",
				);
				GCC_PREPROCESSOR_DEFINITIONS = (
					"DEBUG=1",
					"$(inherited)",
				);
				INFOPLIST_FILE = Aula23StoryboardTests/Info.plist;
				LD_RUNPATH_SEARCH_PATHS = "$(inherited) @executable_path/Frameworks @loader_path/Frameworks";
				PRODUCT_NAME = "$(TARGET_NAME)";
				TEST_HOST = "$(BUILT_PRODUCTS_DIR)/Aula23Storyboard.app/Aula23Storyboard";
			};
			name = Debug;
		};
		DF6EC6B11B013B5800F16498 /* Release */ = {
			isa = XCBuildConfiguration;
			buildSettings = {
				BUNDLE_LOADER = "$(TEST_HOST)";
				FRAMEWORK_SEARCH_PATHS = (
					"$(SDKROOT)/Developer/Library/Frameworks",
					"$(inherited)",
				);
				INFOPLIST_FILE = Aula23StoryboardTests/Info.plist;
				LD_RUNPATH_SEARCH_PATHS = "$(inherited) @executable_path/Frameworks @loader_path/Frameworks";
				PRODUCT_NAME = "$(TARGET_NAME)";
				TEST_HOST = "$(BUILT_PRODUCTS_DIR)/Aula23Storyboard.app/Aula23Storyboard";
			};
			name = Release;
		};
/* End XCBuildConfiguration section */

/* Begin XCConfigurationList section */
		DF6EC6841B013B5800F16498 /* Build configuration list for PBXProject "Aula23Storyboard" */ = {
			isa = XCConfigurationList;
			buildConfigurations = (
				DF6EC6AA1B013B5800F16498 /* Debug */,
				DF6EC6AB1B013B5800F16498 /* Release */,
			);
			defaultConfigurationIsVisible = 0;
			defaultConfigurationName = Release;
		};
		DF6EC6AC1B013B5800F16498 /* Build configuration list for PBXNativeTarget "Aula23Storyboard" */ = {
			isa = XCConfigurationList;
			buildConfigurations = (
				DF6EC6AD1B013B5800F16498 /* Debug */,
				DF6EC6AE1B013B5800F16498 /* Release */,
			);
			defaultConfigurationIsVisible = 0;
			defaultConfigurationName = Release;
		};
		DF6EC6AF1B013B5800F16498 /* Build configuration list for PBXNativeTarget "Aula23StoryboardTests" */ = {
			isa = XCConfigurationList;
			buildConfigurations = (
				DF6EC6B01B013B5800F16498 /* Debug */,
				DF6EC6B11B013B5800F16498 /* Release */,
			);
			defaultConfigurationIsVisible = 0;
			defaultConfigurationName = Release;
		};
/* End XCConfigurationList section */
	};
	rootObject = DF6EC6811B013B5800F16498 /* Project object */;
}
