// !$*UTF8*$!
{
	archiveVersion = 1;
	classes = {
	};
	objectVersion = 46;
	objects = {

/* Begin PBXBuildFile section */
		DF7C2EF11B44854100C9DE40 /* AppDelegate.swift in Sources */ = {isa = PBXBuildFile; fileRef = DF7C2EF01B44854100C9DE40 /* AppDelegate.swift */; };
		DF7C2EF31B44854100C9DE40 /* ViewController.swift in Sources */ = {isa = PBXBuildFile; fileRef = DF7C2EF21B44854100C9DE40 /* ViewController.swift */; };
		DF7C2EF61B44854100C9DE40 /* Main.storyboard in Resources */ = {isa = PBXBuildFile; fileRef = DF7C2EF41B44854100C9DE40 /* Main.storyboard */; };
		DF7C2EF81B44854100C9DE40 /* Images.xcassets in Resources */ = {isa = PBXBuildFile; fileRef = DF7C2EF71B44854100C9DE40 /* Images.xcassets */; };
		DF7C2EFB1B44854100C9DE40 /* LaunchScreen.xib in Resources */ = {isa = PBXBuildFile; fileRef = DF7C2EF91B44854100C9DE40 /* LaunchScreen.xib */; };
		DF7C2F071B44854100C9DE40 /* AutoLayoutDarthVaderTests.swift in Sources */ = {isa = PBXBuildFile; fileRef = DF7C2F061B44854100C9DE40 /* AutoLayoutDarthVaderTests.swift */; };
/* End PBXBuildFile section */

/* Begin PBXContainerItemProxy section */
		DF7C2F011B44854100C9DE40 /* PBXContainerItemProxy */ = {
			isa = PBXContainerItemProxy;
			containerPortal = DF7C2EE31B44854100C9DE40 /* Project object */;
			proxyType = 1;
			remoteGlobalIDString = DF7C2EEA1B44854100C9DE40;
			remoteInfo = AutoLayoutDarthVader;
		};
/* End PBXContainerItemProxy section */

/* Begin PBXFileReference section */
		DF7C2EEB1B44854100C9DE40 /* AutoLayoutDarthVader.app */ = {isa = PBXFileReference; explicitFileType = wrapper.application; includeInIndex = 0; path = AutoLayoutDarthVader.app; sourceTree = BUILT_PRODUCTS_DIR; };
		DF7C2EEF1B44854100C9DE40 /* Info.plist */ = {isa = PBXFileReference; lastKnownFileType = text.plist.xml; path = Info.plist; sourceTree = "<group>"; };
		DF7C2EF01B44854100C9DE40 /* AppDelegate.swift */ = {isa = PBXFileReference; lastKnownFileType = sourcecode.swift; path = AppDelegate.swift; sourceTree = "<group>"; };
		DF7C2EF21B44854100C9DE40 /* ViewController.swift */ = {isa = PBXFileReference; lastKnownFileType = sourcecode.swift; path = ViewController.swift; sourceTree = "<group>"; };
		DF7C2EF51B44854100C9DE40 /* Base */ = {isa = PBXFileReference; lastKnownFileType = file.storyboard; name = Base; path = Base.lproj/Main.storyboard; sourceTree = "<group>"; };
		DF7C2EF71B44854100C9DE40 /* Images.xcassets */ = {isa = PBXFileReference; lastKnownFileType = folder.assetcatalog; path = Images.xcassets; sourceTree = "<group>"; };
		DF7C2EFA1B44854100C9DE40 /* Base */ = {isa = PBXFileReference; lastKnownFileType = file.xib; name = Base; path = Base.lproj/LaunchScreen.xib; sourceTree = "<group>"; };
		DF7C2F001B44854100C9DE40 /* AutoLayoutDarthVaderTests.xctest */ = {isa = PBXFileReference; explicitFileType = wrapper.cfbundle; includeInIndex = 0; path = AutoLayoutDarthVaderTests.xctest; sourceTree = BUILT_PRODUCTS_DIR; };
		DF7C2F051B44854100C9DE40 /* Info.plist */ = {isa = PBXFileReference; lastKnownFileType = text.plist.xml; path = Info.plist; sourceTree = "<group>"; };
		DF7C2F061B44854100C9DE40 /* AutoLayoutDarthVaderTests.swift */ = {isa = PBXFileReference; lastKnownFileType = sourcecode.swift; path = AutoLayoutDarthVaderTests.swift; sourceTree = "<group>"; };
/* End PBXFileReference section */

/* Begin PBXFrameworksBuildPhase section */
		DF7C2EE81B44854100C9DE40 /* Frameworks */ = {
			isa = PBXFrameworksBuildPhase;
			buildActionMask = 2147483647;
			files = (
			);
			runOnlyForDeploymentPostprocessing = 0;
		};
		DF7C2EFD1B44854100C9DE40 /* Frameworks */ = {
			isa = PBXFrameworksBuildPhase;
			buildActionMask = 2147483647;
			files = (
			);
			runOnlyForDeploymentPostprocessing = 0;
		};
/* End PBXFrameworksBuildPhase section */

/* Begin PBXGroup section */
		DF7C2EE21B44854100C9DE40 = {
			isa = PBXGroup;
			children = (
				DF7C2EED1B44854100C9DE40 /* AutoLayoutDarthVader */,
				DF7C2F031B44854100C9DE40 /* AutoLayoutDarthVaderTests */,
				DF7C2EEC1B44854100C9DE40 /* Products */,
			);
			sourceTree = "<group>";
		};
		DF7C2EEC1B44854100C9DE40 /* Products */ = {
			isa = PBXGroup;
			children = (
				DF7C2EEB1B44854100C9DE40 /* AutoLayoutDarthVader.app */,
				DF7C2F001B44854100C9DE40 /* AutoLayoutDarthVaderTests.xctest */,
			);
			name = Products;
			sourceTree = "<group>";
		};
		DF7C2EED1B44854100C9DE40 /* AutoLayoutDarthVader */ = {
			isa = PBXGroup;
			children = (
				DF7C2EF01B44854100C9DE40 /* AppDelegate.swift */,
				DF7C2EF21B44854100C9DE40 /* ViewController.swift */,
				DF7C2EF41B44854100C9DE40 /* Main.storyboard */,
				DF7C2EF71B44854100C9DE40 /* Images.xcassets */,
				DF7C2EF91B44854100C9DE40 /* LaunchScreen.xib */,
				DF7C2EEE1B44854100C9DE40 /* Supporting Files */,
			);
			path = AutoLayoutDarthVader;
			sourceTree = "<group>";
		};
		DF7C2EEE1B44854100C9DE40 /* Supporting Files */ = {
			isa = PBXGroup;
			children = (
				DF7C2EEF1B44854100C9DE40 /* Info.plist */,
			);
			name = "Supporting Files";
			sourceTree = "<group>";
		};
		DF7C2F031B44854100C9DE40 /* AutoLayoutDarthVaderTests */ = {
			isa = PBXGroup;
			children = (
				DF7C2F061B44854100C9DE40 /* AutoLayoutDarthVaderTests.swift */,
				DF7C2F041B44854100C9DE40 /* Supporting Files */,
			);
			path = AutoLayoutDarthVaderTests;
			sourceTree = "<group>";
		};
		DF7C2F041B44854100C9DE40 /* Supporting Files */ = {
			isa = PBXGroup;
			children = (
				DF7C2F051B44854100C9DE40 /* Info.plist */,
			);
			name = "Supporting Files";
			sourceTree = "<group>";
		};
/* End PBXGroup section */

/* Begin PBXNativeTarget section */
		DF7C2EEA1B44854100C9DE40 /* AutoLayoutDarthVader */ = {
			isa = PBXNativeTarget;
			buildConfigurationList = DF7C2F0A1B44854100C9DE40 /* Build configuration list for PBXNativeTarget "AutoLayoutDarthVader" */;
			buildPhases = (
				DF7C2EE71B44854100C9DE40 /* Sources */,
				DF7C2EE81B44854100C9DE40 /* Frameworks */,
				DF7C2EE91B44854100C9DE40 /* Resources */,
			);
			buildRules = (
			);
			dependencies = (
			);
			name = AutoLayoutDarthVader;
			productName = AutoLayoutDarthVader;
			productReference = DF7C2EEB1B44854100C9DE40 /* AutoLayoutDarthVader.app */;
			productType = "com.apple.product-type.application";
		};
		DF7C2EFF1B44854100C9DE40 /* AutoLayoutDarthVaderTests */ = {
			isa = PBXNativeTarget;
			buildConfigurationList = DF7C2F0D1B44854100C9DE40 /* Build configuration list for PBXNativeTarget "AutoLayoutDarthVaderTests" */;
			buildPhases = (
				DF7C2EFC1B44854100C9DE40 /* Sources */,
				DF7C2EFD1B44854100C9DE40 /* Frameworks */,
				DF7C2EFE1B44854100C9DE40 /* Resources */,
			);
			buildRules = (
			);
			dependencies = (
				DF7C2F021B44854100C9DE40 /* PBXTargetDependency */,
			);
			name = AutoLayoutDarthVaderTests;
			productName = AutoLayoutDarthVaderTests;
			productReference = DF7C2F001B44854100C9DE40 /* AutoLayoutDarthVaderTests.xctest */;
			productType = "com.apple.product-type.bundle.unit-test";
		};
/* End PBXNativeTarget section */

/* Begin PBXProject section */
		DF7C2EE31B44854100C9DE40 /* Project object */ = {
			isa = PBXProject;
			attributes = {
				LastUpgradeCheck = 0630;
				ORGANIZATIONNAME = "Danilo Barros Mendes";
				TargetAttributes = {
					DF7C2EEA1B44854100C9DE40 = {
						CreatedOnToolsVersion = 6.3.1;
					};
					DF7C2EFF1B44854100C9DE40 = {
						CreatedOnToolsVersion = 6.3.1;
						TestTargetID = DF7C2EEA1B44854100C9DE40;
					};
				};
			};
			buildConfigurationList = DF7C2EE61B44854100C9DE40 /* Build configuration list for PBXProject "AutoLayoutDarthVader" */;
			compatibilityVersion = "Xcode 3.2";
			developmentRegion = English;
			hasScannedForEncodings = 0;
			knownRegions = (
				en,
				Base,
			);
			mainGroup = DF7C2EE21B44854100C9DE40;
			productRefGroup = DF7C2EEC1B44854100C9DE40 /* Products */;
			projectDirPath = "";
			projectRoot = "";
			targets = (
				DF7C2EEA1B44854100C9DE40 /* AutoLayoutDarthVader */,
				DF7C2EFF1B44854100C9DE40 /* AutoLayoutDarthVaderTests */,
			);
		};
/* End PBXProject section */

/* Begin PBXResourcesBuildPhase section */
		DF7C2EE91B44854100C9DE40 /* Resources */ = {
			isa = PBXResourcesBuildPhase;
			buildActionMask = 2147483647;
			files = (
				DF7C2EF61B44854100C9DE40 /* Main.storyboard in Resources */,
				DF7C2EFB1B44854100C9DE40 /* LaunchScreen.xib in Resources */,
				DF7C2EF81B44854100C9DE40 /* Images.xcassets in Resources */,
			);
			runOnlyForDeploymentPostprocessing = 0;
		};
		DF7C2EFE1B44854100C9DE40 /* Resources */ = {
			isa = PBXResourcesBuildPhase;
			buildActionMask = 2147483647;
			files = (
			);
			runOnlyForDeploymentPostprocessing = 0;
		};
/* End PBXResourcesBuildPhase section */

/* Begin PBXSourcesBuildPhase section */
		DF7C2EE71B44854100C9DE40 /* Sources */ = {
			isa = PBXSourcesBuildPhase;
			buildActionMask = 2147483647;
			files = (
				DF7C2EF31B44854100C9DE40 /* ViewController.swift in Sources */,
				DF7C2EF11B44854100C9DE40 /* AppDelegate.swift in Sources */,
			);
			runOnlyForDeploymentPostprocessing = 0;
		};
		DF7C2EFC1B44854100C9DE40 /* Sources */ = {
			isa = PBXSourcesBuildPhase;
			buildActionMask = 2147483647;
			files = (
				DF7C2F071B44854100C9DE40 /* AutoLayoutDarthVaderTests.swift in Sources */,
			);
			runOnlyForDeploymentPostprocessing = 0;
		};
/* End PBXSourcesBuildPhase section */

/* Begin PBXTargetDependency section */
		DF7C2F021B44854100C9DE40 /* PBXTargetDependency */ = {
			isa = PBXTargetDependency;
			target = DF7C2EEA1B44854100C9DE40 /* AutoLayoutDarthVader */;
			targetProxy = DF7C2F011B44854100C9DE40 /* PBXContainerItemProxy */;
		};
/* End PBXTargetDependency section */

/* Begin PBXVariantGroup section */
		DF7C2EF41B44854100C9DE40 /* Main.storyboard */ = {
			isa = PBXVariantGroup;
			children = (
				DF7C2EF51B44854100C9DE40 /* Base */,
			);
			name = Main.storyboard;
			sourceTree = "<group>";
		};
		DF7C2EF91B44854100C9DE40 /* LaunchScreen.xib */ = {
			isa = PBXVariantGroup;
			children = (
				DF7C2EFA1B44854100C9DE40 /* Base */,
			);
			name = LaunchScreen.xib;
			sourceTree = "<group>";
		};
/* End PBXVariantGroup section */

/* Begin XCBuildConfiguration section */
		DF7C2F081B44854100C9DE40 /* Debug */ = {
			isa = XCBuildConfiguration;
			buildSettings = {
				ALWAYS_SEARCH_USER_PATHS = NO;
				CLANG_CXX_LANGUAGE_STANDARD = "gnu++0x";
				CLANG_CXX_LIBRARY = "libc++";
				CLANG_ENABLE_MODULES = YES;
				CLANG_ENABLE_OBJC_ARC = YES;
				CLANG_WARN_BOOL_CONVERSION = YES;
				CLANG_WARN_CONSTANT_CONVERSION = YES;
				CLANG_WARN_DIRECT_OBJC_ISA_USAGE = YES_ERROR;
				CLANG_WARN_EMPTY_BODY = YES;
				CLANG_WARN_ENUM_CONVERSION = YES;
				CLANG_WARN_INT_CONVERSION = YES;
				CLANG_WARN_OBJC_ROOT_CLASS = YES_ERROR;
				CLANG_WARN_UNREACHABLE_CODE = YES;
				CLANG_WARN__DUPLICATE_METHOD_MATCH = YES;
				"CODE_SIGN_IDENTITY[sdk=iphoneos*]" = "iPhone Developer";
				COPY_PHASE_STRIP = NO;
				DEBUG_INFORMATION_FORMAT = "dwarf-with-dsym";
				ENABLE_STRICT_OBJC_MSGSEND = YES;
				GCC_C_LANGUAGE_STANDARD = gnu99;
				GCC_DYNAMIC_NO_PIC = NO;
				GCC_NO_COMMON_BLOCKS = YES;
				GCC_OPTIMIZATION_LEVEL = 0;
				GCC_PREPROCESSOR_DEFINITIONS = (
					"DEBUG=1",
					"$(inherited)",
				);
				GCC_SYMBOLS_PRIVATE_EXTERN = NO;
				GCC_WARN_64_TO_32_BIT_CONVERSION = YES;
				GCC_WARN_ABOUT_RETURN_TYPE = YES_ERROR;
				GCC_WARN_UNDECLARED_SELECTOR = YES;
				GCC_WARN_UNINITIALIZED_AUTOS = YES_AGGRESSIVE;
				GCC_WARN_UNUSED_FUNCTION = YES;
				GCC_WARN_UNUSED_VARIABLE = YES;
				IPHONEOS_DEPLOYMENT_TARGET = 8.3;
				MTL_ENABLE_DEBUG_INFO = YES;
				ONLY_ACTIVE_ARCH = YES;
				SDKROOT = iphoneos;
				SWIFT_OPTIMIZATION_LEVEL = "-Onone";
			};
			name = Debug;
		};
		DF7C2F091B44854100C9DE40 /* Release */ = {
			isa = XCBuildConfiguration;
			buildSettings = {
				ALWAYS_SEARCH_USER_PATHS = NO;
				CLANG_CXX_LANGUAGE_STANDARD = "gnu++0x";
				CLANG_CXX_LIBRARY = "libc++";
				CLANG_ENABLE_MODULES = YES;
				CLANG_ENABLE_OBJC_ARC = YES;
				CLANG_WARN_BOOL_CONVERSION = YES;
				CLANG_WARN_CONSTANT_CONVERSION = YES;
				CLANG_WARN_DIRECT_OBJC_ISA_USAGE = YES_ERROR;
				CLANG_WARN_EMPTY_BODY = YES;
				CLANG_WARN_ENUM_CONVERSION = YES;
				CLANG_WARN_INT_CONVERSION = YES;
				CLANG_WARN_OBJC_ROOT_CLASS = YES_ERROR;
				CLANG_WARN_UNREACHABLE_CODE = YES;
				CLANG_WARN__DUPLICATE_METHOD_MATCH = YES;
				"CODE_SIGN_IDENTITY[sdk=iphoneos*]" = "iPhone Developer";
				COPY_PHASE_STRIP = NO;
				DEBUG_INFORMATION_FORMAT = "dwarf-with-dsym";
				ENABLE_NS_ASSERTIONS = NO;
				ENABLE_STRICT_OBJC_MSGSEND = YES;
				GCC_C_LANGUAGE_STANDARD = gnu99;
				GCC_NO_COMMON_BLOCKS = YES;
				GCC_WARN_64_TO_32_BIT_CONVERSION = YES;
				GCC_WARN_ABOUT_RETURN_TYPE = YES_ERROR;
				GCC_WARN_UNDECLARED_SELECTOR = YES;
				GCC_WARN_UNINITIALIZED_AUTOS = YES_AGGRESSIVE;
				GCC_WARN_UNUSED_FUNCTION = YES;
				GCC_WARN_UNUSED_VARIABLE = YES;
				IPHONEOS_DEPLOYMENT_TARGET = 8.3;
				MTL_ENABLE_DEBUG_INFO = NO;
				SDKROOT = iphoneos;
				VALIDATE_PRODUCT = YES;
			};
			name = Release;
		};
		DF7C2F0B1B44854100C9DE40 /* Debug */ = {
			isa = XCBuildConfiguration;
			buildSettings = {
				ASSETCATALOG_COMPILER_APPICON_NAME = AppIcon;
				INFOPLIST_FILE = AutoLayoutDarthVader/Info.plist;
				LD_RUNPATH_SEARCH_PATHS = "$(inherited) @executable_path/Frameworks";
				PRODUCT_NAME = "$(TARGET_NAME)";
			};
			name = Debug;
		};
		DF7C2F0C1B44854100C9DE40 /* Release */ = {
			isa = XCBuildConfiguration;
			buildSettings = {
				ASSETCATALOG_COMPILER_APPICON_NAME = AppIcon;
				INFOPLIST_FILE = AutoLayoutDarthVader/Info.plist;
				LD_RUNPATH_SEARCH_PATHS = "$(inherited) @executable_path/Frameworks";
				PRODUCT_NAME = "$(TARGET_NAME)";
			};
			name = Release;
		};
		DF7C2F0E1B44854100C9DE40 /* Debug */ = {
			isa = XCBuildConfiguration;
			buildSettings = {
				BUNDLE_LOADER = "$(TEST_HOST)";
				FRAMEWORK_SEARCH_PATHS = (
					"$(SDKROOT)/Developer/Library/Frameworks",
					"$(inherited)",
				);
				GCC_PREPROCESSOR_DEFINITIONS = (
					"DEBUG=1",
					"$(inherited)",
				);
				INFOPLIST_FILE = AutoLayoutDarthVaderTests/Info.plist;
				LD_RUNPATH_SEARCH_PATHS = "$(inherited) @executable_path/Frameworks @loader_path/Frameworks";
				PRODUCT_NAME = "$(TARGET_NAME)";
				TEST_HOST = "$(BUILT_PRODUCTS_DIR)/AutoLayoutDarthVader.app/AutoLayoutDarthVader";
			};
			name = Debug;
		};
		DF7C2F0F1B44854100C9DE40 /* Release */ = {
			isa = XCBuildConfiguration;
			buildSettings = {
				BUNDLE_LOADER = "$(TEST_HOST)";
				FRAMEWORK_SEARCH_PATHS = (
					"$(SDKROOT)/Developer/Library/Frameworks",
					"$(inherited)",
				);
				INFOPLIST_FILE = AutoLayoutDarthVaderTests/Info.plist;
				LD_RUNPATH_SEARCH_PATHS = "$(inherited) @executable_path/Frameworks @loader_path/Frameworks";
				PRODUCT_NAME = "$(TARGET_NAME)";
				TEST_HOST = "$(BUILT_PRODUCTS_DIR)/AutoLayoutDarthVader.app/AutoLayoutDarthVader";
			};
			name = Release;
		};
/* End XCBuildConfiguration section */

/* Begin XCConfigurationList section */
		DF7C2EE61B44854100C9DE40 /* Build configuration list for PBXProject "AutoLayoutDarthVader" */ = {
			isa = XCConfigurationList;
			buildConfigurations = (
				DF7C2F081B44854100C9DE40 /* Debug */,
				DF7C2F091B44854100C9DE40 /* Release */,
			);
			defaultConfigurationIsVisible = 0;
			defaultConfigurationName = Release;
		};
		DF7C2F0A1B44854100C9DE40 /* Build configuration list for PBXNativeTarget "AutoLayoutDarthVader" */ = {
			isa = XCConfigurationList;
			buildConfigurations = (
				DF7C2F0B1B44854100C9DE40 /* Debug */,
				DF7C2F0C1B44854100C9DE40 /* Release */,
			);
			defaultConfigurationIsVisible = 0;
		};
		DF7C2F0D1B44854100C9DE40 /* Build configuration list for PBXNativeTarget "AutoLayoutDarthVaderTests" */ = {
			isa = XCConfigurationList;
			buildConfigurations = (
				DF7C2F0E1B44854100C9DE40 /* Debug */,
				DF7C2F0F1B44854100C9DE40 /* Release */,
			);
			defaultConfigurationIsVisible = 0;
		};
/* End XCConfigurationList section */
	};
	rootObject = DF7C2EE31B44854100C9DE40 /* Project object */;
}
