// !$*UTF8*$!
{
	archiveVersion = 1;
	classes = {
	};
	objectVersion = 46;
	objects = {

/* Begin PBXBuildFile section */
		6BBEC3351B38833B009C0B52 /* AppDelegate.swift in Sources */ = {isa = PBXBuildFile; fileRef = 6BBEC3341B38833B009C0B52 /* AppDelegate.swift */; };
		6BBEC3371B38833B009C0B52 /* ViewController.swift in Sources */ = {isa = PBXBuildFile; fileRef = 6BBEC3361B38833B009C0B52 /* ViewController.swift */; };
		6BBEC33C1B38833B009C0B52 /* Images.xcassets in Resources */ = {isa = PBXBuildFile; fileRef = 6BBEC33B1B38833B009C0B52 /* Images.xcassets */; };
		6BBEC33F1B38833B009C0B52 /* LaunchScreen.xib in Resources */ = {isa = PBXBuildFile; fileRef = 6BBEC33D1B38833B009C0B52 /* LaunchScreen.xib */; };
		6BBEC34B1B38833B009C0B52 /* PaintTests.swift in Sources */ = {isa = PBXBuildFile; fileRef = 6BBEC34A1B38833B009C0B52 /* PaintTests.swift */; };
		6BBEC3551B388523009C0B52 /* DrawView.swift in Sources */ = {isa = PBXBuildFile; fileRef = 6BBEC3541B388523009C0B52 /* DrawView.swift */; };
		6BBEC3571B388C4C009C0B52 /* Line.swift in Sources */ = {isa = PBXBuildFile; fileRef = 6BBEC3561B388C4C009C0B52 /* Line.swift */; };
/* End PBXBuildFile section */

/* Begin PBXContainerItemProxy section */
		6BBEC3451B38833B009C0B52 /* PBXContainerItemProxy */ = {
			isa = PBXContainerItemProxy;
			containerPortal = 6BBEC3271B38833B009C0B52 /* Project object */;
			proxyType = 1;
			remoteGlobalIDString = 6BBEC32E1B38833B009C0B52;
			remoteInfo = Paint;
		};
/* End PBXContainerItemProxy section */

/* Begin PBXFileReference section */
		6BBEC32F1B38833B009C0B52 /* Paint.app */ = {isa = PBXFileReference; explicitFileType = wrapper.application; includeInIndex = 0; path = Paint.app; sourceTree = BUILT_PRODUCTS_DIR; };
		6BBEC3331B38833B009C0B52 /* Info.plist */ = {isa = PBXFileReference; lastKnownFileType = text.plist.xml; path = Info.plist; sourceTree = "<group>"; };
		6BBEC3341B38833B009C0B52 /* AppDelegate.swift */ = {isa = PBXFileReference; lastKnownFileType = sourcecode.swift; path = AppDelegate.swift; sourceTree = "<group>"; };
		6BBEC3361B38833B009C0B52 /* ViewController.swift */ = {isa = PBXFileReference; lastKnownFileType = sourcecode.swift; path = ViewController.swift; sourceTree = "<group>"; };
		6BBEC33B1B38833B009C0B52 /* Images.xcassets */ = {isa = PBXFileReference; lastKnownFileType = folder.assetcatalog; path = Images.xcassets; sourceTree = "<group>"; };
		6BBEC33E1B38833B009C0B52 /* Base */ = {isa = PBXFileReference; lastKnownFileType = file.xib; name = Base; path = Base.lproj/LaunchScreen.xib; sourceTree = "<group>"; };
		6BBEC3441B38833B009C0B52 /* PaintTests.xctest */ = {isa = PBXFileReference; explicitFileType = wrapper.cfbundle; includeInIndex = 0; path = PaintTests.xctest; sourceTree = BUILT_PRODUCTS_DIR; };
		6BBEC3491B38833B009C0B52 /* Info.plist */ = {isa = PBXFileReference; lastKnownFileType = text.plist.xml; path = Info.plist; sourceTree = "<group>"; };
		6BBEC34A1B38833B009C0B52 /* PaintTests.swift */ = {isa = PBXFileReference; lastKnownFileType = sourcecode.swift; path = PaintTests.swift; sourceTree = "<group>"; };
		6BBEC3541B388523009C0B52 /* DrawView.swift */ = {isa = PBXFileReference; fileEncoding = 4; lastKnownFileType = sourcecode.swift; path = DrawView.swift; sourceTree = "<group>"; };
		6BBEC3561B388C4C009C0B52 /* Line.swift */ = {isa = PBXFileReference; fileEncoding = 4; lastKnownFileType = sourcecode.swift; path = Line.swift; sourceTree = "<group>"; };
/* End PBXFileReference section */

/* Begin PBXFrameworksBuildPhase section */
		6BBEC32C1B38833B009C0B52 /* Frameworks */ = {
			isa = PBXFrameworksBuildPhase;
			buildActionMask = 2147483647;
			files = (
			);
			runOnlyForDeploymentPostprocessing = 0;
		};
		6BBEC3411B38833B009C0B52 /* Frameworks */ = {
			isa = PBXFrameworksBuildPhase;
			buildActionMask = 2147483647;
			files = (
			);
			runOnlyForDeploymentPostprocessing = 0;
		};
/* End PBXFrameworksBuildPhase section */

/* Begin PBXGroup section */
		6BBEC3261B38833B009C0B52 = {
			isa = PBXGroup;
			children = (
				6BBEC3311B38833B009C0B52 /* Paint */,
				6BBEC3471B38833B009C0B52 /* PaintTests */,
				6BBEC3301B38833B009C0B52 /* Products */,
			);
			sourceTree = "<group>";
		};
		6BBEC3301B38833B009C0B52 /* Products */ = {
			isa = PBXGroup;
			children = (
				6BBEC32F1B38833B009C0B52 /* Paint.app */,
				6BBEC3441B38833B009C0B52 /* PaintTests.xctest */,
			);
			name = Products;
			sourceTree = "<group>";
		};
		6BBEC3311B38833B009C0B52 /* Paint */ = {
			isa = PBXGroup;
			children = (
				6BBEC3341B38833B009C0B52 /* AppDelegate.swift */,
				6BBEC3541B388523009C0B52 /* DrawView.swift */,
				6BBEC3561B388C4C009C0B52 /* Line.swift */,
				6BBEC3361B38833B009C0B52 /* ViewController.swift */,
				6BBEC33B1B38833B009C0B52 /* Images.xcassets */,
				6BBEC33D1B38833B009C0B52 /* LaunchScreen.xib */,
				6BBEC3321B38833B009C0B52 /* Supporting Files */,
			);
			path = Paint;
			sourceTree = "<group>";
		};
		6BBEC3321B38833B009C0B52 /* Supporting Files */ = {
			isa = PBXGroup;
			children = (
				6BBEC3331B38833B009C0B52 /* Info.plist */,
			);
			name = "Supporting Files";
			sourceTree = "<group>";
		};
		6BBEC3471B38833B009C0B52 /* PaintTests */ = {
			isa = PBXGroup;
			children = (
				6BBEC34A1B38833B009C0B52 /* PaintTests.swift */,
				6BBEC3481B38833B009C0B52 /* Supporting Files */,
			);
			path = PaintTests;
			sourceTree = "<group>";
		};
		6BBEC3481B38833B009C0B52 /* Supporting Files */ = {
			isa = PBXGroup;
			children = (
				6BBEC3491B38833B009C0B52 /* Info.plist */,
			);
			name = "Supporting Files";
			sourceTree = "<group>";
		};
/* End PBXGroup section */

/* Begin PBXNativeTarget section */
		6BBEC32E1B38833B009C0B52 /* Paint */ = {
			isa = PBXNativeTarget;
			buildConfigurationList = 6BBEC34E1B38833B009C0B52 /* Build configuration list for PBXNativeTarget "Paint" */;
			buildPhases = (
				6BBEC32B1B38833B009C0B52 /* Sources */,
				6BBEC32C1B38833B009C0B52 /* Frameworks */,
				6BBEC32D1B38833B009C0B52 /* Resources */,
			);
			buildRules = (
			);
			dependencies = (
			);
			name = Paint;
			productName = Paint;
			productReference = 6BBEC32F1B38833B009C0B52 /* Paint.app */;
			productType = "com.apple.product-type.application";
		};
		6BBEC3431B38833B009C0B52 /* PaintTests */ = {
			isa = PBXNativeTarget;
			buildConfigurationList = 6BBEC3511B38833B009C0B52 /* Build configuration list for PBXNativeTarget "PaintTests" */;
			buildPhases = (
				6BBEC3401B38833B009C0B52 /* Sources */,
				6BBEC3411B38833B009C0B52 /* Frameworks */,
				6BBEC3421B38833B009C0B52 /* Resources */,
			);
			buildRules = (
			);
			dependencies = (
				6BBEC3461B38833B009C0B52 /* PBXTargetDependency */,
			);
			name = PaintTests;
			productName = PaintTests;
			productReference = 6BBEC3441B38833B009C0B52 /* PaintTests.xctest */;
			productType = "com.apple.product-type.bundle.unit-test";
		};
/* End PBXNativeTarget section */

/* Begin PBXProject section */
		6BBEC3271B38833B009C0B52 /* Project object */ = {
			isa = PBXProject;
			attributes = {
				LastUpgradeCheck = 0630;
				ORGANIZATIONNAME = "André";
				TargetAttributes = {
					6BBEC32E1B38833B009C0B52 = {
						CreatedOnToolsVersion = 6.3.1;
					};
					6BBEC3431B38833B009C0B52 = {
						CreatedOnToolsVersion = 6.3.1;
						TestTargetID = 6BBEC32E1B38833B009C0B52;
					};
				};
			};
			buildConfigurationList = 6BBEC32A1B38833B009C0B52 /* Build configuration list for PBXProject "Paint" */;
			compatibilityVersion = "Xcode 3.2";
			developmentRegion = English;
			hasScannedForEncodings = 0;
			knownRegions = (
				en,
				Base,
			);
			mainGroup = 6BBEC3261B38833B009C0B52;
			productRefGroup = 6BBEC3301B38833B009C0B52 /* Products */;
			projectDirPath = "";
			projectRoot = "";
			targets = (
				6BBEC32E1B38833B009C0B52 /* Paint */,
				6BBEC3431B38833B009C0B52 /* PaintTests */,
			);
		};
/* End PBXProject section */

/* Begin PBXResourcesBuildPhase section */
		6BBEC32D1B38833B009C0B52 /* Resources */ = {
			isa = PBXResourcesBuildPhase;
			buildActionMask = 2147483647;
			files = (
				6BBEC33F1B38833B009C0B52 /* LaunchScreen.xib in Resources */,
				6BBEC33C1B38833B009C0B52 /* Images.xcassets in Resources */,
			);
			runOnlyForDeploymentPostprocessing = 0;
		};
		6BBEC3421B38833B009C0B52 /* Resources */ = {
			isa = PBXResourcesBuildPhase;
			buildActionMask = 2147483647;
			files = (
			);
			runOnlyForDeploymentPostprocessing = 0;
		};
/* End PBXResourcesBuildPhase section */

/* Begin PBXSourcesBuildPhase section */
		6BBEC32B1B38833B009C0B52 /* Sources */ = {
			isa = PBXSourcesBuildPhase;
			buildActionMask = 2147483647;
			files = (
				6BBEC3371B38833B009C0B52 /* ViewController.swift in Sources */,
				6BBEC3571B388C4C009C0B52 /* Line.swift in Sources */,
				6BBEC3351B38833B009C0B52 /* AppDelegate.swift in Sources */,
				6BBEC3551B388523009C0B52 /* DrawView.swift in Sources */,
			);
			runOnlyForDeploymentPostprocessing = 0;
		};
		6BBEC3401B38833B009C0B52 /* Sources */ = {
			isa = PBXSourcesBuildPhase;
			buildActionMask = 2147483647;
			files = (
				6BBEC34B1B38833B009C0B52 /* PaintTests.swift in Sources */,
			);
			runOnlyForDeploymentPostprocessing = 0;
		};
/* End PBXSourcesBuildPhase section */

/* Begin PBXTargetDependency section */
		6BBEC3461B38833B009C0B52 /* PBXTargetDependency */ = {
			isa = PBXTargetDependency;
			target = 6BBEC32E1B38833B009C0B52 /* Paint */;
			targetProxy = 6BBEC3451B38833B009C0B52 /* PBXContainerItemProxy */;
		};
/* End PBXTargetDependency section */

/* Begin PBXVariantGroup section */
		6BBEC33D1B38833B009C0B52 /* LaunchScreen.xib */ = {
			isa = PBXVariantGroup;
			children = (
				6BBEC33E1B38833B009C0B52 /* Base */,
			);
			name = LaunchScreen.xib;
			sourceTree = "<group>";
		};
/* End PBXVariantGroup section */

/* Begin XCBuildConfiguration section */
		6BBEC34C1B38833B009C0B52 /* Debug */ = {
			isa = XCBuildConfiguration;
			buildSettings = {
				ALWAYS_SEARCH_USER_PATHS = NO;
				CLANG_CXX_LANGUAGE_STANDARD = "gnu++0x";
				CLANG_CXX_LIBRARY = "libc++";
				CLANG_ENABLE_MODULES = YES;
				CLANG_ENABLE_OBJC_ARC = YES;
				CLANG_WARN_BOOL_CONVERSION = YES;
				CLANG_WARN_CONSTANT_CONVERSION = YES;
				CLANG_WARN_DIRECT_OBJC_ISA_USAGE = YES_ERROR;
				CLANG_WARN_EMPTY_BODY = YES;
				CLANG_WARN_ENUM_CONVERSION = YES;
				CLANG_WARN_INT_CONVERSION = YES;
				CLANG_WARN_OBJC_ROOT_CLASS = YES_ERROR;
				CLANG_WARN_UNREACHABLE_CODE = YES;
				CLANG_WARN__DUPLICATE_METHOD_MATCH = YES;
				"CODE_SIGN_IDENTITY[sdk=iphoneos*]" = "iPhone Developer";
				COPY_PHASE_STRIP = NO;
				DEBUG_INFORMATION_FORMAT = "dwarf-with-dsym";
				ENABLE_STRICT_OBJC_MSGSEND = YES;
				GCC_C_LANGUAGE_STANDARD = gnu99;
				GCC_DYNAMIC_NO_PIC = NO;
				GCC_NO_COMMON_BLOCKS = YES;
				GCC_OPTIMIZATION_LEVEL = 0;
				GCC_PREPROCESSOR_DEFINITIONS = (
					"DEBUG=1",
					"$(inherited)",
				);
				GCC_SYMBOLS_PRIVATE_EXTERN = NO;
				GCC_WARN_64_TO_32_BIT_CONVERSION = YES;
				GCC_WARN_ABOUT_RETURN_TYPE = YES_ERROR;
				GCC_WARN_UNDECLARED_SELECTOR = YES;
				GCC_WARN_UNINITIALIZED_AUTOS = YES_AGGRESSIVE;
				GCC_WARN_UNUSED_FUNCTION = YES;
				GCC_WARN_UNUSED_VARIABLE = YES;
				IPHONEOS_DEPLOYMENT_TARGET = 8.3;
				MTL_ENABLE_DEBUG_INFO = YES;
				ONLY_ACTIVE_ARCH = YES;
				SDKROOT = iphoneos;
				SWIFT_OPTIMIZATION_LEVEL = "-Onone";
				TARGETED_DEVICE_FAMILY = "1,2";
			};
			name = Debug;
		};
		6BBEC34D1B38833B009C0B52 /* Release */ = {
			isa = XCBuildConfiguration;
			buildSettings = {
				ALWAYS_SEARCH_USER_PATHS = NO;
				CLANG_CXX_LANGUAGE_STANDARD = "gnu++0x";
				CLANG_CXX_LIBRARY = "libc++";
				CLANG_ENABLE_MODULES = YES;
				CLANG_ENABLE_OBJC_ARC = YES;
				CLANG_WARN_BOOL_CONVERSION = YES;
				CLANG_WARN_CONSTANT_CONVERSION = YES;
				CLANG_WARN_DIRECT_OBJC_ISA_USAGE = YES_ERROR;
				CLANG_WARN_EMPTY_BODY = YES;
				CLANG_WARN_ENUM_CONVERSION = YES;
				CLANG_WARN_INT_CONVERSION = YES;
				CLANG_WARN_OBJC_ROOT_CLASS = YES_ERROR;
				CLANG_WARN_UNREACHABLE_CODE = YES;
				CLANG_WARN__DUPLICATE_METHOD_MATCH = YES;
				"CODE_SIGN_IDENTITY[sdk=iphoneos*]" = "iPhone Developer";
				COPY_PHASE_STRIP = NO;
				DEBUG_INFORMATION_FORMAT = "dwarf-with-dsym";
				ENABLE_NS_ASSERTIONS = NO;
				ENABLE_STRICT_OBJC_MSGSEND = YES;
				GCC_C_LANGUAGE_STANDARD = gnu99;
				GCC_NO_COMMON_BLOCKS = YES;
				GCC_WARN_64_TO_32_BIT_CONVERSION = YES;
				GCC_WARN_ABOUT_RETURN_TYPE = YES_ERROR;
				GCC_WARN_UNDECLARED_SELECTOR = YES;
				GCC_WARN_UNINITIALIZED_AUTOS = YES_AGGRESSIVE;
				GCC_WARN_UNUSED_FUNCTION = YES;
				GCC_WARN_UNUSED_VARIABLE = YES;
				IPHONEOS_DEPLOYMENT_TARGET = 8.3;
				MTL_ENABLE_DEBUG_INFO = NO;
				SDKROOT = iphoneos;
				TARGETED_DEVICE_FAMILY = "1,2";
				VALIDATE_PRODUCT = YES;
			};
			name = Release;
		};
		6BBEC34F1B38833B009C0B52 /* Debug */ = {
			isa = XCBuildConfiguration;
			buildSettings = {
				ASSETCATALOG_COMPILER_APPICON_NAME = AppIcon;
				INFOPLIST_FILE = Paint/Info.plist;
				LD_RUNPATH_SEARCH_PATHS = "$(inherited) @executable_path/Frameworks";
				PRODUCT_NAME = "$(TARGET_NAME)";
			};
			name = Debug;
		};
		6BBEC3501B38833B009C0B52 /* Release */ = {
			isa = XCBuildConfiguration;
			buildSettings = {
				ASSETCATALOG_COMPILER_APPICON_NAME = AppIcon;
				INFOPLIST_FILE = Paint/Info.plist;
				LD_RUNPATH_SEARCH_PATHS = "$(inherited) @executable_path/Frameworks";
				PRODUCT_NAME = "$(TARGET_NAME)";
			};
			name = Release;
		};
		6BBEC3521B38833B009C0B52 /* Debug */ = {
			isa = XCBuildConfiguration;
			buildSettings = {
				BUNDLE_LOADER = "$(TEST_HOST)";
				FRAMEWORK_SEARCH_PATHS = (
					"$(SDKROOT)/Developer/Library/Frameworks",
					"$(inherited)",
				);
				GCC_PREPROCESSOR_DEFINITIONS = (
					"DEBUG=1",
					"$(inherited)",
				);
				INFOPLIST_FILE = PaintTests/Info.plist;
				LD_RUNPATH_SEARCH_PATHS = "$(inherited) @executable_path/Frameworks @loader_path/Frameworks";
				PRODUCT_NAME = "$(TARGET_NAME)";
				TEST_HOST = "$(BUILT_PRODUCTS_DIR)/Paint.app/Paint";
			};
			name = Debug;
		};
		6BBEC3531B38833B009C0B52 /* Release */ = {
			isa = XCBuildConfiguration;
			buildSettings = {
				BUNDLE_LOADER = "$(TEST_HOST)";
				FRAMEWORK_SEARCH_PATHS = (
					"$(SDKROOT)/Developer/Library/Frameworks",
					"$(inherited)",
				);
				INFOPLIST_FILE = PaintTests/Info.plist;
				LD_RUNPATH_SEARCH_PATHS = "$(inherited) @executable_path/Frameworks @loader_path/Frameworks";
				PRODUCT_NAME = "$(TARGET_NAME)";
				TEST_HOST = "$(BUILT_PRODUCTS_DIR)/Paint.app/Paint";
			};
			name = Release;
		};
/* End XCBuildConfiguration section */

/* Begin XCConfigurationList section */
		6BBEC32A1B38833B009C0B52 /* Build configuration list for PBXProject "Paint" */ = {
			isa = XCConfigurationList;
			buildConfigurations = (
				6BBEC34C1B38833B009C0B52 /* Debug */,
				6BBEC34D1B38833B009C0B52 /* Release */,
			);
			defaultConfigurationIsVisible = 0;
			defaultConfigurationName = Release;
		};
		6BBEC34E1B38833B009C0B52 /* Build configuration list for PBXNativeTarget "Paint" */ = {
			isa = XCConfigurationList;
			buildConfigurations = (
				6BBEC34F1B38833B009C0B52 /* Debug */,
				6BBEC3501B38833B009C0B52 /* Release */,
			);
			defaultConfigurationIsVisible = 0;
		};
		6BBEC3511B38833B009C0B52 /* Build configuration list for PBXNativeTarget "PaintTests" */ = {
			isa = XCConfigurationList;
			buildConfigurations = (
				6BBEC3521B38833B009C0B52 /* Debug */,
				6BBEC3531B38833B009C0B52 /* Release */,
			);
			defaultConfigurationIsVisible = 0;
		};
/* End XCConfigurationList section */
	};
	rootObject = 6BBEC3271B38833B009C0B52 /* Project object */;
}
