// !$*UTF8*$!
{
	archiveVersion = 1;
	classes = {
	};
	objectVersion = 46;
	objects = {

/* Begin PBXBuildFile section */
		DF6EC8F31B0BBF8A00F16498 /* main.m in Sources */ = {isa = PBXBuildFile; fileRef = DF6EC8F21B0BBF8A00F16498 /* main.m */; };
		DF6EC8F61B0BBF8A00F16498 /* AppDelegate.m in Sources */ = {isa = PBXBuildFile; fileRef = DF6EC8F51B0BBF8A00F16498 /* AppDelegate.m */; };
		DF6EC8F81B0BBF8A00F16498 /* Images.xcassets in Resources */ = {isa = PBXBuildFile; fileRef = DF6EC8F71B0BBF8A00F16498 /* Images.xcassets */; };
		DF6EC8FB1B0BBF8A00F16498 /* LaunchScreen.xib in Resources */ = {isa = PBXBuildFile; fileRef = DF6EC8F91B0BBF8A00F16498 /* LaunchScreen.xib */; };
		DF6EC9071B0BBF8A00F16498 /* Desafio7Tests.m in Sources */ = {isa = PBXBuildFile; fileRef = DF6EC9061B0BBF8A00F16498 /* Desafio7Tests.m */; };
		DF6EC9121B0BC83D00F16498 /* ViewController.m in Sources */ = {isa = PBXBuildFile; fileRef = DF6EC9111B0BC83D00F16498 /* ViewController.m */; };
		DF6EC9141B0BC84B00F16498 /* Main.storyboard in Resources */ = {isa = PBXBuildFile; fileRef = DF6EC9131B0BC84B00F16498 /* Main.storyboard */; };
		DF6EC9171B0CF7F200F16498 /* TodosTable.m in Sources */ = {isa = PBXBuildFile; fileRef = DF6EC9161B0CF7F200F16498 /* TodosTable.m */; };
		DF6EC91A1B0CFE0700F16498 /* AlunoCell.m in Sources */ = {isa = PBXBuildFile; fileRef = DF6EC9191B0CFE0700F16498 /* AlunoCell.m */; };
		DF6EC91C1B0D00BA00F16498 /* contacts.plist in Resources */ = {isa = PBXBuildFile; fileRef = DF6EC91B1B0D00BA00F16498 /* contacts.plist */; };
		DF6EC91E1B0D026800F16498 /* user-default.png in Resources */ = {isa = PBXBuildFile; fileRef = DF6EC91D1B0D026800F16498 /* user-default.png */; };
/* End PBXBuildFile section */

/* Begin PBXContainerItemProxy section */
		DF6EC9011B0BBF8A00F16498 /* PBXContainerItemProxy */ = {
			isa = PBXContainerItemProxy;
			containerPortal = DF6EC8E51B0BBF8A00F16498 /* Project object */;
			proxyType = 1;
			remoteGlobalIDString = DF6EC8EC1B0BBF8A00F16498;
			remoteInfo = Desafio7;
		};
/* End PBXContainerItemProxy section */

/* Begin PBXFileReference section */
		DF6EC8ED1B0BBF8A00F16498 /* Desafio7.app */ = {isa = PBXFileReference; explicitFileType = wrapper.application; includeInIndex = 0; path = Desafio7.app; sourceTree = BUILT_PRODUCTS_DIR; };
		DF6EC8F11B0BBF8A00F16498 /* Info.plist */ = {isa = PBXFileReference; lastKnownFileType = text.plist.xml; path = Info.plist; sourceTree = "<group>"; };
		DF6EC8F21B0BBF8A00F16498 /* main.m */ = {isa = PBXFileReference; lastKnownFileType = sourcecode.c.objc; path = main.m; sourceTree = "<group>"; };
		DF6EC8F41B0BBF8A00F16498 /* AppDelegate.h */ = {isa = PBXFileReference; lastKnownFileType = sourcecode.c.h; path = AppDelegate.h; sourceTree = "<group>"; };
		DF6EC8F51B0BBF8A00F16498 /* AppDelegate.m */ = {isa = PBXFileReference; lastKnownFileType = sourcecode.c.objc; path = AppDelegate.m; sourceTree = "<group>"; };
		DF6EC8F71B0BBF8A00F16498 /* Images.xcassets */ = {isa = PBXFileReference; lastKnownFileType = folder.assetcatalog; path = Images.xcassets; sourceTree = "<group>"; };
		DF6EC8FA1B0BBF8A00F16498 /* Base */ = {isa = PBXFileReference; lastKnownFileType = file.xib; name = Base; path = Base.lproj/LaunchScreen.xib; sourceTree = "<group>"; };
		DF6EC9001B0BBF8A00F16498 /* Desafio7Tests.xctest */ = {isa = PBXFileReference; explicitFileType = wrapper.cfbundle; includeInIndex = 0; path = Desafio7Tests.xctest; sourceTree = BUILT_PRODUCTS_DIR; };
		DF6EC9051B0BBF8A00F16498 /* Info.plist */ = {isa = PBXFileReference; lastKnownFileType = text.plist.xml; path = Info.plist; sourceTree = "<group>"; };
		DF6EC9061B0BBF8A00F16498 /* Desafio7Tests.m */ = {isa = PBXFileReference; lastKnownFileType = sourcecode.c.objc; path = Desafio7Tests.m; sourceTree = "<group>"; };
		DF6EC9101B0BC83D00F16498 /* ViewController.h */ = {isa = PBXFileReference; fileEncoding = 4; lastKnownFileType = sourcecode.c.h; path = ViewController.h; sourceTree = "<group>"; };
		DF6EC9111B0BC83D00F16498 /* ViewController.m */ = {isa = PBXFileReference; fileEncoding = 4; lastKnownFileType = sourcecode.c.objc; path = ViewController.m; sourceTree = "<group>"; };
		DF6EC9131B0BC84B00F16498 /* Main.storyboard */ = {isa = PBXFileReference; fileEncoding = 4; lastKnownFileType = file.storyboard; path = Main.storyboard; sourceTree = "<group>"; };
		DF6EC9151B0CF7F200F16498 /* TodosTable.h */ = {isa = PBXFileReference; fileEncoding = 4; lastKnownFileType = sourcecode.c.h; path = TodosTable.h; sourceTree = "<group>"; };
		DF6EC9161B0CF7F200F16498 /* TodosTable.m */ = {isa = PBXFileReference; fileEncoding = 4; lastKnownFileType = sourcecode.c.objc; path = TodosTable.m; sourceTree = "<group>"; };
		DF6EC9181B0CFE0700F16498 /* AlunoCell.h */ = {isa = PBXFileReference; fileEncoding = 4; lastKnownFileType = sourcecode.c.h; path = AlunoCell.h; sourceTree = "<group>"; };
		DF6EC9191B0CFE0700F16498 /* AlunoCell.m */ = {isa = PBXFileReference; fileEncoding = 4; lastKnownFileType = sourcecode.c.objc; path = AlunoCell.m; sourceTree = "<group>"; };
		DF6EC91B1B0D00BA00F16498 /* contacts.plist */ = {isa = PBXFileReference; fileEncoding = 4; lastKnownFileType = text.plist.xml; name = contacts.plist; path = Desafio7/contacts.plist; sourceTree = "<group>"; };
		DF6EC91D1B0D026800F16498 /* user-default.png */ = {isa = PBXFileReference; lastKnownFileType = image.png; name = "user-default.png"; path = "Desafio7/user-default.png"; sourceTree = "<group>"; };
/* End PBXFileReference section */

/* Begin PBXFrameworksBuildPhase section */
		DF6EC8EA1B0BBF8A00F16498 /* Frameworks */ = {
			isa = PBXFrameworksBuildPhase;
			buildActionMask = 2147483647;
			files = (
			);
			runOnlyForDeploymentPostprocessing = 0;
		};
		DF6EC8FD1B0BBF8A00F16498 /* Frameworks */ = {
			isa = PBXFrameworksBuildPhase;
			buildActionMask = 2147483647;
			files = (
			);
			runOnlyForDeploymentPostprocessing = 0;
		};
/* End PBXFrameworksBuildPhase section */

/* Begin PBXGroup section */
		DF6EC8E41B0BBF8A00F16498 = {
			isa = PBXGroup;
			children = (
				DF6EC9221B0D322B00F16498 /* Resources */,
				DF6EC8EF1B0BBF8A00F16498 /* Desafio7 */,
				DF6EC9031B0BBF8A00F16498 /* Desafio7Tests */,
				DF6EC8EE1B0BBF8A00F16498 /* Products */,
			);
			sourceTree = "<group>";
		};
		DF6EC8EE1B0BBF8A00F16498 /* Products */ = {
			isa = PBXGroup;
			children = (
				DF6EC8ED1B0BBF8A00F16498 /* Desafio7.app */,
				DF6EC9001B0BBF8A00F16498 /* Desafio7Tests.xctest */,
			);
			name = Products;
			sourceTree = "<group>";
		};
		DF6EC8EF1B0BBF8A00F16498 /* Desafio7 */ = {
			isa = PBXGroup;
			children = (
				DF6EC8F41B0BBF8A00F16498 /* AppDelegate.h */,
				DF6EC8F51B0BBF8A00F16498 /* AppDelegate.m */,
				DF6EC9101B0BC83D00F16498 /* ViewController.h */,
				DF6EC9111B0BC83D00F16498 /* ViewController.m */,
				DF6EC9151B0CF7F200F16498 /* TodosTable.h */,
				DF6EC9161B0CF7F200F16498 /* TodosTable.m */,
				DF6EC9181B0CFE0700F16498 /* AlunoCell.h */,
				DF6EC9191B0CFE0700F16498 /* AlunoCell.m */,
				DF6EC8F71B0BBF8A00F16498 /* Images.xcassets */,
				DF6EC8F91B0BBF8A00F16498 /* LaunchScreen.xib */,
				DF6EC9131B0BC84B00F16498 /* Main.storyboard */,
				DF6EC8F01B0BBF8A00F16498 /* Supporting Files */,
			);
			path = Desafio7;
			sourceTree = "<group>";
		};
		DF6EC8F01B0BBF8A00F16498 /* Supporting Files */ = {
			isa = PBXGroup;
			children = (
				DF6EC8F11B0BBF8A00F16498 /* Info.plist */,
				DF6EC8F21B0BBF8A00F16498 /* main.m */,
			);
			name = "Supporting Files";
			sourceTree = "<group>";
		};
		DF6EC9031B0BBF8A00F16498 /* Desafio7Tests */ = {
			isa = PBXGroup;
			children = (
				DF6EC9061B0BBF8A00F16498 /* Desafio7Tests.m */,
				DF6EC9041B0BBF8A00F16498 /* Supporting Files */,
			);
			path = Desafio7Tests;
			sourceTree = "<group>";
		};
		DF6EC9041B0BBF8A00F16498 /* Supporting Files */ = {
			isa = PBXGroup;
			children = (
				DF6EC9051B0BBF8A00F16498 /* Info.plist */,
			);
			name = "Supporting Files";
			sourceTree = "<group>";
		};
		DF6EC9221B0D322B00F16498 /* Resources */ = {
			isa = PBXGroup;
			children = (
				DF6EC9251B0D325700F16498 /* images */,
				DF6EC9231B0D323300F16498 /* database */,
			);
			name = Resources;
			sourceTree = "<group>";
		};
		DF6EC9231B0D323300F16498 /* database */ = {
			isa = PBXGroup;
			children = (
				DF6EC91B1B0D00BA00F16498 /* contacts.plist */,
			);
			name = database;
			sourceTree = "<group>";
		};
		DF6EC9251B0D325700F16498 /* images */ = {
			isa = PBXGroup;
			children = (
				DF6EC91D1B0D026800F16498 /* user-default.png */,
			);
			name = images;
			sourceTree = "<group>";
		};
/* End PBXGroup section */

/* Begin PBXNativeTarget section */
		DF6EC8EC1B0BBF8A00F16498 /* Desafio7 */ = {
			isa = PBXNativeTarget;
			buildConfigurationList = DF6EC90A1B0BBF8A00F16498 /* Build configuration list for PBXNativeTarget "Desafio7" */;
			buildPhases = (
				DF6EC8E91B0BBF8A00F16498 /* Sources */,
				DF6EC8EA1B0BBF8A00F16498 /* Frameworks */,
				DF6EC8EB1B0BBF8A00F16498 /* Resources */,
			);
			buildRules = (
			);
			dependencies = (
			);
			name = Desafio7;
			productName = Desafio7;
			productReference = DF6EC8ED1B0BBF8A00F16498 /* Desafio7.app */;
			productType = "com.apple.product-type.application";
		};
		DF6EC8FF1B0BBF8A00F16498 /* Desafio7Tests */ = {
			isa = PBXNativeTarget;
			buildConfigurationList = DF6EC90D1B0BBF8A00F16498 /* Build configuration list for PBXNativeTarget "Desafio7Tests" */;
			buildPhases = (
				DF6EC8FC1B0BBF8A00F16498 /* Sources */,
				DF6EC8FD1B0BBF8A00F16498 /* Frameworks */,
				DF6EC8FE1B0BBF8A00F16498 /* Resources */,
			);
			buildRules = (
			);
			dependencies = (
				DF6EC9021B0BBF8A00F16498 /* PBXTargetDependency */,
			);
			name = Desafio7Tests;
			productName = Desafio7Tests;
			productReference = DF6EC9001B0BBF8A00F16498 /* Desafio7Tests.xctest */;
			productType = "com.apple.product-type.bundle.unit-test";
		};
/* End PBXNativeTarget section */

/* Begin PBXProject section */
		DF6EC8E51B0BBF8A00F16498 /* Project object */ = {
			isa = PBXProject;
			attributes = {
				LastUpgradeCheck = 0630;
				ORGANIZATIONNAME = "Danilo Barros Mendes";
				TargetAttributes = {
					DF6EC8EC1B0BBF8A00F16498 = {
						CreatedOnToolsVersion = 6.3.1;
					};
					DF6EC8FF1B0BBF8A00F16498 = {
						CreatedOnToolsVersion = 6.3.1;
						TestTargetID = DF6EC8EC1B0BBF8A00F16498;
					};
				};
			};
			buildConfigurationList = DF6EC8E81B0BBF8A00F16498 /* Build configuration list for PBXProject "Desafio7" */;
			compatibilityVersion = "Xcode 3.2";
			developmentRegion = English;
			hasScannedForEncodings = 0;
			knownRegions = (
				en,
				Base,
			);
			mainGroup = DF6EC8E41B0BBF8A00F16498;
			productRefGroup = DF6EC8EE1B0BBF8A00F16498 /* Products */;
			projectDirPath = "";
			projectRoot = "";
			targets = (
				DF6EC8EC1B0BBF8A00F16498 /* Desafio7 */,
				DF6EC8FF1B0BBF8A00F16498 /* Desafio7Tests */,
			);
		};
/* End PBXProject section */

/* Begin PBXResourcesBuildPhase section */
		DF6EC8EB1B0BBF8A00F16498 /* Resources */ = {
			isa = PBXResourcesBuildPhase;
			buildActionMask = 2147483647;
			files = (
				DF6EC9141B0BC84B00F16498 /* Main.storyboard in Resources */,
				DF6EC91E1B0D026800F16498 /* user-default.png in Resources */,
				DF6EC8FB1B0BBF8A00F16498 /* LaunchScreen.xib in Resources */,
				DF6EC8F81B0BBF8A00F16498 /* Images.xcassets in Resources */,
				DF6EC91C1B0D00BA00F16498 /* contacts.plist in Resources */,
			);
			runOnlyForDeploymentPostprocessing = 0;
		};
		DF6EC8FE1B0BBF8A00F16498 /* Resources */ = {
			isa = PBXResourcesBuildPhase;
			buildActionMask = 2147483647;
			files = (
			);
			runOnlyForDeploymentPostprocessing = 0;
		};
/* End PBXResourcesBuildPhase section */

/* Begin PBXSourcesBuildPhase section */
		DF6EC8E91B0BBF8A00F16498 /* Sources */ = {
			isa = PBXSourcesBuildPhase;
			buildActionMask = 2147483647;
			files = (
				DF6EC9171B0CF7F200F16498 /* TodosTable.m in Sources */,
				DF6EC9121B0BC83D00F16498 /* ViewController.m in Sources */,
				DF6EC8F61B0BBF8A00F16498 /* AppDelegate.m in Sources */,
				DF6EC91A1B0CFE0700F16498 /* AlunoCell.m in Sources */,
				DF6EC8F31B0BBF8A00F16498 /* main.m in Sources */,
			);
			runOnlyForDeploymentPostprocessing = 0;
		};
		DF6EC8FC1B0BBF8A00F16498 /* Sources */ = {
			isa = PBXSourcesBuildPhase;
			buildActionMask = 2147483647;
			files = (
				DF6EC9071B0BBF8A00F16498 /* Desafio7Tests.m in Sources */,
			);
			runOnlyForDeploymentPostprocessing = 0;
		};
/* End PBXSourcesBuildPhase section */

/* Begin PBXTargetDependency section */
		DF6EC9021B0BBF8A00F16498 /* PBXTargetDependency */ = {
			isa = PBXTargetDependency;
			target = DF6EC8EC1B0BBF8A00F16498 /* Desafio7 */;
			targetProxy = DF6EC9011B0BBF8A00F16498 /* PBXContainerItemProxy */;
		};
/* End PBXTargetDependency section */

/* Begin PBXVariantGroup section */
		DF6EC8F91B0BBF8A00F16498 /* LaunchScreen.xib */ = {
			isa = PBXVariantGroup;
			children = (
				DF6EC8FA1B0BBF8A00F16498 /* Base */,
			);
			name = LaunchScreen.xib;
			sourceTree = "<group>";
		};
/* End PBXVariantGroup section */

/* Begin XCBuildConfiguration section */
		DF6EC9081B0BBF8A00F16498 /* Debug */ = {
			isa = XCBuildConfiguration;
			buildSettings = {
				ALWAYS_SEARCH_USER_PATHS = NO;
				CLANG_CXX_LANGUAGE_STANDARD = "gnu++0x";
				CLANG_CXX_LIBRARY = "libc++";
				CLANG_ENABLE_MODULES = YES;
				CLANG_ENABLE_OBJC_ARC = YES;
				CLANG_WARN_BOOL_CONVERSION = YES;
				CLANG_WARN_CONSTANT_CONVERSION = YES;
				CLANG_WARN_DIRECT_OBJC_ISA_USAGE = YES_ERROR;
				CLANG_WARN_EMPTY_BODY = YES;
				CLANG_WARN_ENUM_CONVERSION = YES;
				CLANG_WARN_INT_CONVERSION = YES;
				CLANG_WARN_OBJC_ROOT_CLASS = YES_ERROR;
				CLANG_WARN_UNREACHABLE_CODE = YES;
				CLANG_WARN__DUPLICATE_METHOD_MATCH = YES;
				"CODE_SIGN_IDENTITY[sdk=iphoneos*]" = "iPhone Developer";
				COPY_PHASE_STRIP = NO;
				DEBUG_INFORMATION_FORMAT = "dwarf-with-dsym";
				ENABLE_STRICT_OBJC_MSGSEND = YES;
				GCC_C_LANGUAGE_STANDARD = gnu99;
				GCC_DYNAMIC_NO_PIC = NO;
				GCC_NO_COMMON_BLOCKS = YES;
				GCC_OPTIMIZATION_LEVEL = 0;
				GCC_PREPROCESSOR_DEFINITIONS = (
					"DEBUG=1",
					"$(inherited)",
				);
				GCC_SYMBOLS_PRIVATE_EXTERN = NO;
				GCC_WARN_64_TO_32_BIT_CONVERSION = YES;
				GCC_WARN_ABOUT_RETURN_TYPE = YES_ERROR;
				GCC_WARN_UNDECLARED_SELECTOR = YES;
				GCC_WARN_UNINITIALIZED_AUTOS = YES_AGGRESSIVE;
				GCC_WARN_UNUSED_FUNCTION = YES;
				GCC_WARN_UNUSED_VARIABLE = YES;
				IPHONEOS_DEPLOYMENT_TARGET = 8.3;
				MTL_ENABLE_DEBUG_INFO = YES;
				ONLY_ACTIVE_ARCH = YES;
				SDKROOT = iphoneos;
			};
			name = Debug;
		};
		DF6EC9091B0BBF8A00F16498 /* Release */ = {
			isa = XCBuildConfiguration;
			buildSettings = {
				ALWAYS_SEARCH_USER_PATHS = NO;
				CLANG_CXX_LANGUAGE_STANDARD = "gnu++0x";
				CLANG_CXX_LIBRARY = "libc++";
				CLANG_ENABLE_MODULES = YES;
				CLANG_ENABLE_OBJC_ARC = YES;
				CLANG_WARN_BOOL_CONVERSION = YES;
				CLANG_WARN_CONSTANT_CONVERSION = YES;
				CLANG_WARN_DIRECT_OBJC_ISA_USAGE = YES_ERROR;
				CLANG_WARN_EMPTY_BODY = YES;
				CLANG_WARN_ENUM_CONVERSION = YES;
				CLANG_WARN_INT_CONVERSION = YES;
				CLANG_WARN_OBJC_ROOT_CLASS = YES_ERROR;
				CLANG_WARN_UNREACHABLE_CODE = YES;
				CLANG_WARN__DUPLICATE_METHOD_MATCH = YES;
				"CODE_SIGN_IDENTITY[sdk=iphoneos*]" = "iPhone Developer";
				COPY_PHASE_STRIP = NO;
				DEBUG_INFORMATION_FORMAT = "dwarf-with-dsym";
				ENABLE_NS_ASSERTIONS = NO;
				ENABLE_STRICT_OBJC_MSGSEND = YES;
				GCC_C_LANGUAGE_STANDARD = gnu99;
				GCC_NO_COMMON_BLOCKS = YES;
				GCC_WARN_64_TO_32_BIT_CONVERSION = YES;
				GCC_WARN_ABOUT_RETURN_TYPE = YES_ERROR;
				GCC_WARN_UNDECLARED_SELECTOR = YES;
				GCC_WARN_UNINITIALIZED_AUTOS = YES_AGGRESSIVE;
				GCC_WARN_UNUSED_FUNCTION = YES;
				GCC_WARN_UNUSED_VARIABLE = YES;
				IPHONEOS_DEPLOYMENT_TARGET = 8.3;
				MTL_ENABLE_DEBUG_INFO = NO;
				SDKROOT = iphoneos;
				VALIDATE_PRODUCT = YES;
			};
			name = Release;
		};
		DF6EC90B1B0BBF8A00F16498 /* Debug */ = {
			isa = XCBuildConfiguration;
			buildSettings = {
				ASSETCATALOG_COMPILER_APPICON_NAME = AppIcon;
				INFOPLIST_FILE = Desafio7/Info.plist;
				LD_RUNPATH_SEARCH_PATHS = "$(inherited) @executable_path/Frameworks";
				PRODUCT_NAME = "$(TARGET_NAME)";
			};
			name = Debug;
		};
		DF6EC90C1B0BBF8A00F16498 /* Release */ = {
			isa = XCBuildConfiguration;
			buildSettings = {
				ASSETCATALOG_COMPILER_APPICON_NAME = AppIcon;
				INFOPLIST_FILE = Desafio7/Info.plist;
				LD_RUNPATH_SEARCH_PATHS = "$(inherited) @executable_path/Frameworks";
				PRODUCT_NAME = "$(TARGET_NAME)";
			};
			name = Release;
		};
		DF6EC90E1B0BBF8A00F16498 /* Debug */ = {
			isa = XCBuildConfiguration;
			buildSettings = {
				BUNDLE_LOADER = "$(TEST_HOST)";
				FRAMEWORK_SEARCH_PATHS = (
					"$(SDKROOT)/Developer/Library/Frameworks",
					"$(inherited)",
				);
				GCC_PREPROCESSOR_DEFINITIONS = (
					"DEBUG=1",
					"$(inherited)",
				);
				INFOPLIST_FILE = Desafio7Tests/Info.plist;
				LD_RUNPATH_SEARCH_PATHS = "$(inherited) @executable_path/Frameworks @loader_path/Frameworks";
				PRODUCT_NAME = "$(TARGET_NAME)";
				TEST_HOST = "$(BUILT_PRODUCTS_DIR)/Desafio7.app/Desafio7";
			};
			name = Debug;
		};
		DF6EC90F1B0BBF8A00F16498 /* Release */ = {
			isa = XCBuildConfiguration;
			buildSettings = {
				BUNDLE_LOADER = "$(TEST_HOST)";
				FRAMEWORK_SEARCH_PATHS = (
					"$(SDKROOT)/Developer/Library/Frameworks",
					"$(inherited)",
				);
				INFOPLIST_FILE = Desafio7Tests/Info.plist;
				LD_RUNPATH_SEARCH_PATHS = "$(inherited) @executable_path/Frameworks @loader_path/Frameworks";
				PRODUCT_NAME = "$(TARGET_NAME)";
				TEST_HOST = "$(BUILT_PRODUCTS_DIR)/Desafio7.app/Desafio7";
			};
			name = Release;
		};
/* End XCBuildConfiguration section */

/* Begin XCConfigurationList section */
		DF6EC8E81B0BBF8A00F16498 /* Build configuration list for PBXProject "Desafio7" */ = {
			isa = XCConfigurationList;
			buildConfigurations = (
				DF6EC9081B0BBF8A00F16498 /* Debug */,
				DF6EC9091B0BBF8A00F16498 /* Release */,
			);
			defaultConfigurationIsVisible = 0;
			defaultConfigurationName = Release;
		};
		DF6EC90A1B0BBF8A00F16498 /* Build configuration list for PBXNativeTarget "Desafio7" */ = {
			isa = XCConfigurationList;
			buildConfigurations = (
				DF6EC90B1B0BBF8A00F16498 /* Debug */,
				DF6EC90C1B0BBF8A00F16498 /* Release */,
			);
			defaultConfigurationIsVisible = 0;
		};
		DF6EC90D1B0BBF8A00F16498 /* Build configuration list for PBXNativeTarget "Desafio7Tests" */ = {
			isa = XCConfigurationList;
			buildConfigurations = (
				DF6EC90E1B0BBF8A00F16498 /* Debug */,
				DF6EC90F1B0BBF8A00F16498 /* Release */,
			);
			defaultConfigurationIsVisible = 0;
		};
/* End XCConfigurationList section */
	};
	rootObject = DF6EC8E51B0BBF8A00F16498 /* Project object */;
}
